
Microsoft Visual Studio Solution File, Format Version 12.00
# Visual Studio Version 17
VisualStudioVersion = 17.9.34728.123
MinimumVisualStudioVersion = 10.0.40219.1
Project("{FAE04EC0-301F-11D3-BF4B-00C04F79EFBC}") = "WpfApp1", "WpfApp1\WpfApp1.csproj", "{16C35BF0-23B4-47FC-BF58-A04ED5086873}"
EndProject
Global
	GlobalSection(SolutionConfigurationPlatforms) = preSolution
		Debug|Any CPU = Debug|Any CPU
		Release|Any CPU = Release|Any CPU
	EndGlobalSection
	GlobalSection(ProjectConfigurationPlatforms) = postSolution
		{16C35BF0-23B4-47FC-BF58-A04ED5086873}.Debug|Any CPU.ActiveCfg = Debug|Any CPU
		{16C35BF0-23B4-47FC-BF58-A04ED5086873}.Debug|Any CPU.Build.0 = Debug|Any CPU
		{16C35BF0-23B4-47FC-BF58-A04ED5086873}.Release|Any CPU.ActiveCfg = Release|Any CPU
		{16C35BF0-23B4-47FC-BF58-A04ED5086873}.Release|Any CPU.Build.0 = Release|Any CPU
	EndGlobalSection
	GlobalSection(SolutionProperties) = preSolution
		HideSolutionNode = FALSE
	EndGlobalSection
	GlobalSection(ExtensibilityGlobals) = postSolution
		SolutionGuid = {4677789C-DEEC-4E34-B619-33E1E066D5FC}
	EndGlobalSection
EndGlobal
